// !$*UTF8*$!
{
	archiveVersion = 1;
	classes = {
	};
	objectVersion = 50;
	objects = {

/* Begin PBXBuildFile section */
		9530756D277F86F3008727E9 /* typecheck-gcc.h in Headers */ = {isa = PBXBuildFile; fileRef = 95307563277F86F3008727E9 /* typecheck-gcc.h */; settings = {ATTRIBUTES = (Public, ); }; };
		9530756E277F86F3008727E9 /* multi.h in Headers */ = {isa = PBXBuildFile; fileRef = 95307564277F86F3008727E9 /* multi.h */; settings = {ATTRIBUTES = (Public, ); }; };
		9530756F277F86F3008727E9 /* urlapi.h in Headers */ = {isa = PBXBuildFile; fileRef = 95307565277F86F3008727E9 /* urlapi.h */; settings = {ATTRIBUTES = (Public, ); }; };
		95307570277F86F3008727E9 /* curl.h in Headers */ = {isa = PBXBuildFile; fileRef = 95307566277F86F3008727E9 /* curl.h */; settings = {ATTRIBUTES = (Public, ); }; };
		95307571277F86F3008727E9 /* stdcheaders.h in Headers */ = {isa = PBXBuildFile; fileRef = 95307567277F86F3008727E9 /* stdcheaders.h */; settings = {ATTRIBUTES = (Public, ); }; };
		95307572277F86F4008727E9 /* curlver.h in Headers */ = {isa = PBXBuildFile; fileRef = 95307568277F86F3008727E9 /* curlver.h */; settings = {ATTRIBUTES = (Public, ); }; };
		95307573277F86F4008727E9 /* mprintf.h in Headers */ = {isa = PBXBuildFile; fileRef = 95307569277F86F3008727E9 /* mprintf.h */; settings = {ATTRIBUTES = (Public, ); }; };
		95307574277F86F4008727E9 /* system.h in Headers */ = {isa = PBXBuildFile; fileRef = 9530756A277F86F3008727E9 /* system.h */; settings = {ATTRIBUTES = (Public, ); }; };
		95307575277F86F4008727E9 /* options.h in Headers */ = {isa = PBXBuildFile; fileRef = 9530756B277F86F3008727E9 /* options.h */; settings = {ATTRIBUTES = (Public, ); }; };
		95307576277F86F4008727E9 /* easy.h in Headers */ = {isa = PBXBuildFile; fileRef = 9530756C277F86F3008727E9 /* easy.h */; settings = {ATTRIBUTES = (Public, ); }; };
		95307581277F8732008727E9 /* curlver.h in Headers */ = {isa = PBXBuildFile; fileRef = 95307577277F8732008727E9 /* curlver.h */; settings = {ATTRIBUTES = (Public, ); }; };
		95307582277F8732008727E9 /* multi.h in Headers */ = {isa = PBXBuildFile; fileRef = 95307578277F8732008727E9 /* multi.h */; settings = {ATTRIBUTES = (Public, ); }; };
		95307583277F8732008727E9 /* system.h in Headers */ = {isa = PBXBuildFile; fileRef = 95307579277F8732008727E9 /* system.h */; settings = {ATTRIBUTES = (Public, ); }; };
		95307584277F8732008727E9 /* typecheck-gcc.h in Headers */ = {isa = PBXBuildFile; fileRef = 9530757A277F8732008727E9 /* typecheck-gcc.h */; settings = {ATTRIBUTES = (Public, ); }; };
		95307585277F8732008727E9 /* options.h in Headers */ = {isa = PBXBuildFile; fileRef = 9530757B277F8732008727E9 /* options.h */; settings = {ATTRIBUTES = (Public, ); }; };
		95307586277F8732008727E9 /* curl.h in Headers */ = {isa = PBXBuildFile; fileRef = 9530757C277F8732008727E9 /* curl.h */; settings = {ATTRIBUTES = (Public, ); }; };
		95307587277F8732008727E9 /* easy.h in Headers */ = {isa = PBXBuildFile; fileRef = 9530757D277F8732008727E9 /* easy.h */; settings = {ATTRIBUTES = (Public, ); }; };
		95307588277F8732008727E9 /* urlapi.h in Headers */ = {isa = PBXBuildFile; fileRef = 9530757E277F8732008727E9 /* urlapi.h */; settings = {ATTRIBUTES = (Public, ); }; };
		95307589277F8732008727E9 /* stdcheaders.h in Headers */ = {isa = PBXBuildFile; fileRef = 9530757F277F8732008727E9 /* stdcheaders.h */; settings = {ATTRIBUTES = (Public, ); }; };
		9530758A277F8732008727E9 /* mprintf.h in Headers */ = {isa = PBXBuildFile; fileRef = 95307580277F8732008727E9 /* mprintf.h */; settings = {ATTRIBUTES = (Public, ); }; };
		95CD5569277F897C00923694 /* libcurl.a in Frameworks */ = {isa = PBXBuildFile; fileRef = 95CD5567277F87E300923694 /* libcurl.a */; };
		95CD556E277F8B6100923694 /* Security.framework in Frameworks */ = {isa = PBXBuildFile; fileRef = 95CD556D277F8B6100923694 /* Security.framework */; };
		95CD5570277F8B6600923694 /* Foundation.framework in Frameworks */ = {isa = PBXBuildFile; fileRef = 95CD556F277F8B6600923694 /* Foundation.framework */; };
		95CD5571277F8B7000923694 /* Security.framework in Frameworks */ = {isa = PBXBuildFile; fileRef = 95CD556D277F8B6100923694 /* Security.framework */; };
		95CD5572277F8B7500923694 /* Foundation.framework in Frameworks */ = {isa = PBXBuildFile; fileRef = 95CD556F277F8B6600923694 /* Foundation.framework */; };
		95CD5574277F8BB300923694 /* libz.tbd in Frameworks */ = {isa = PBXBuildFile; fileRef = 95CD5573277F8BA500923694 /* libz.tbd */; };
		95CD5575277F8BBA00923694 /* libz.tbd in Frameworks */ = {isa = PBXBuildFile; fileRef = 95CD5573277F8BA500923694 /* libz.tbd */; };
		95CD5577277F8C7600923694 /* libcurlsim.a in Frameworks */ = {isa = PBXBuildFile; fileRef = 95CD5576277F8C6A00923694 /* libcurlsim.a */; };
/* End PBXBuildFile section */

/* Begin PBXFileReference section */
		753EF2CB2567514F008FDE33 /* OpenSSL.framework */ = {isa = PBXFileReference; explicitFileType = wrapper.framework; includeInIndex = 0; path = OpenSSL.framework; sourceTree = BUILT_PRODUCTS_DIR; };
		863B6DD424B83C2D002E03CC /* OpenSSL.xcconfig */ = {isa = PBXFileReference; lastKnownFileType = text.xcconfig; path = OpenSSL.xcconfig; sourceTree = "<group>"; };
		95307563277F86F3008727E9 /* typecheck-gcc.h */ = {isa = PBXFileReference; lastKnownFileType = sourcecode.c.h; name = "typecheck-gcc.h"; path = "iphoneos/include/curl/typecheck-gcc.h"; sourceTree = "<group>"; };
		95307564277F86F3008727E9 /* multi.h */ = {isa = PBXFileReference; lastKnownFileType = sourcecode.c.h; name = multi.h; path = iphoneos/include/curl/multi.h; sourceTree = "<group>"; };
		95307565277F86F3008727E9 /* urlapi.h */ = {isa = PBXFileReference; lastKnownFileType = sourcecode.c.h; name = urlapi.h; path = iphoneos/include/curl/urlapi.h; sourceTree = "<group>"; };
		95307566277F86F3008727E9 /* curl.h */ = {isa = PBXFileReference; lastKnownFileType = sourcecode.c.h; name = curl.h; path = iphoneos/include/curl/curl.h; sourceTree = "<group>"; };
		95307567277F86F3008727E9 /* stdcheaders.h */ = {isa = PBXFileReference; lastKnownFileType = sourcecode.c.h; name = stdcheaders.h; path = iphoneos/include/curl/stdcheaders.h; sourceTree = "<group>"; };
		95307568277F86F3008727E9 /* curlver.h */ = {isa = PBXFileReference; lastKnownFileType = sourcecode.c.h; name = curlver.h; path = iphoneos/include/curl/curlver.h; sourceTree = "<group>"; };
		95307569277F86F3008727E9 /* mprintf.h */ = {isa = PBXFileReference; lastKnownFileType = sourcecode.c.h; name = mprintf.h; path = iphoneos/include/curl/mprintf.h; sourceTree = "<group>"; };
		9530756A277F86F3008727E9 /* system.h */ = {isa = PBXFileReference; lastKnownFileType = sourcecode.c.h; name = system.h; path = iphoneos/include/curl/system.h; sourceTree = "<group>"; };
		9530756B277F86F3008727E9 /* options.h */ = {isa = PBXFileReference; lastKnownFileType = sourcecode.c.h; name = options.h; path = iphoneos/include/curl/options.h; sourceTree = "<group>"; };
		9530756C277F86F3008727E9 /* easy.h */ = {isa = PBXFileReference; lastKnownFileType = sourcecode.c.h; name = easy.h; path = iphoneos/include/curl/easy.h; sourceTree = "<group>"; };
		95307577277F8732008727E9 /* curlver.h */ = {isa = PBXFileReference; lastKnownFileType = sourcecode.c.h; name = curlver.h; path = iphonesimulator/include/curl/curlver.h; sourceTree = "<group>"; };
		95307578277F8732008727E9 /* multi.h */ = {isa = PBXFileReference; lastKnownFileType = sourcecode.c.h; name = multi.h; path = iphonesimulator/include/curl/multi.h; sourceTree = "<group>"; };
		95307579277F8732008727E9 /* system.h */ = {isa = PBXFileReference; lastKnownFileType = sourcecode.c.h; name = system.h; path = iphonesimulator/include/curl/system.h; sourceTree = "<group>"; };
		9530757A277F8732008727E9 /* typecheck-gcc.h */ = {isa = PBXFileReference; lastKnownFileType = sourcecode.c.h; name = "typecheck-gcc.h"; path = "iphonesimulator/include/curl/typecheck-gcc.h"; sourceTree = "<group>"; };
		9530757B277F8732008727E9 /* options.h */ = {isa = PBXFileReference; lastKnownFileType = sourcecode.c.h; name = options.h; path = iphonesimulator/include/curl/options.h; sourceTree = "<group>"; };
		9530757C277F8732008727E9 /* curl.h */ = {isa = PBXFileReference; lastKnownFileType = sourcecode.c.h; name = curl.h; path = iphonesimulator/include/curl/curl.h; sourceTree = "<group>"; };
		9530757D277F8732008727E9 /* easy.h */ = {isa = PBXFileReference; lastKnownFileType = sourcecode.c.h; name = easy.h; path = iphonesimulator/include/curl/easy.h; sourceTree = "<group>"; };
		9530757E277F8732008727E9 /* urlapi.h */ = {isa = PBXFileReference; lastKnownFileType = sourcecode.c.h; name = urlapi.h; path = iphonesimulator/include/curl/urlapi.h; sourceTree = "<group>"; };
		9530757F277F8732008727E9 /* stdcheaders.h */ = {isa = PBXFileReference; lastKnownFileType = sourcecode.c.h; name = stdcheaders.h; path = iphonesimulator/include/curl/stdcheaders.h; sourceTree = "<group>"; };
		95307580277F8732008727E9 /* mprintf.h */ = {isa = PBXFileReference; lastKnownFileType = sourcecode.c.h; name = mprintf.h; path = iphonesimulator/include/curl/mprintf.h; sourceTree = "<group>"; };
		95CD5567277F87E300923694 /* libcurl.a */ = {isa = PBXFileReference; lastKnownFileType = archive.ar; name = libcurl.a; path = iphoneos/lib/libcurl.a; sourceTree = "<group>"; };
		95CD556A277F8B0400923694 /* libswiftDarwin.tbd */ = {isa = PBXFileReference; lastKnownFileType = "sourcecode.text-based-dylib-definition"; name = libswiftDarwin.tbd; path = Platforms/iPhoneOS.platform/Developer/SDKs/iPhoneOS15.2.sdk/usr/lib/swift/libswiftDarwin.tbd; sourceTree = DEVELOPER_DIR; };
		95CD556D277F8B6100923694 /* Security.framework */ = {isa = PBXFileReference; lastKnownFileType = wrapper.framework; name = Security.framework; path = Platforms/iPhoneOS.platform/Developer/SDKs/iPhoneOS15.2.sdk/System/Library/Frameworks/Security.framework; sourceTree = DEVELOPER_DIR; };
		95CD556F277F8B6600923694 /* Foundation.framework */ = {isa = PBXFileReference; lastKnownFileType = wrapper.framework; name = Foundation.framework; path = Platforms/iPhoneOS.platform/Developer/SDKs/iPhoneOS15.2.sdk/System/Library/Frameworks/Foundation.framework; sourceTree = DEVELOPER_DIR; };
		95CD5573277F8BA500923694 /* libz.tbd */ = {isa = PBXFileReference; lastKnownFileType = "sourcecode.text-based-dylib-definition"; name = libz.tbd; path = Platforms/iPhoneOS.platform/Developer/SDKs/iPhoneOS15.2.sdk/usr/lib/libz.tbd; sourceTree = DEVELOPER_DIR; };
		95CD5576277F8C6A00923694 /* libcurlsim.a */ = {isa = PBXFileReference; lastKnownFileType = archive.ar; name = libcurlsim.a; path = iphonesimulator/lib/libcurlsim.a; sourceTree = "<group>"; };
		9F4A265C223BD82B005CB63A /* OpenSSL.framework */ = {isa = PBXFileReference; explicitFileType = wrapper.framework; includeInIndex = 0; path = OpenSSL.framework; sourceTree = BUILT_PRODUCTS_DIR; };
/* End PBXFileReference section */

/* Begin PBXFrameworksBuildPhase section */
		753EF2C42567514F008FDE33 /* Frameworks */ = {
			isa = PBXFrameworksBuildPhase;
			buildActionMask = 2147483647;
			files = (
				95CD5571277F8B7000923694 /* Security.framework in Frameworks */,
				95CD5577277F8C7600923694 /* libcurlsim.a in Frameworks */,
				95CD5574277F8BB300923694 /* libz.tbd in Frameworks */,
				95CD5572277F8B7500923694 /* Foundation.framework in Frameworks */,
			);
			runOnlyForDeploymentPostprocessing = 0;
		};
		9F4A2659223BD82B005CB63A /* Frameworks */ = {
			isa = PBXFrameworksBuildPhase;
			buildActionMask = 2147483647;
			files = (
				95CD556E277F8B6100923694 /* Security.framework in Frameworks */,
				95CD5575277F8BBA00923694 /* libz.tbd in Frameworks */,
				95CD5570277F8B6600923694 /* Foundation.framework in Frameworks */,
				95CD5569277F897C00923694 /* libcurl.a in Frameworks */,
			);
			runOnlyForDeploymentPostprocessing = 0;
		};
/* End PBXFrameworksBuildPhase section */

/* Begin PBXGroup section */
		75B059F5256E7AFD00FB91E0 /* iphonesimulator */ = {
			isa = PBXGroup;
			children = (
				75B059FC256E7B3800FB91E0 /* Headers */,
			);
			name = iphonesimulator;
			sourceTree = "<group>";
		};
		75B059FC256E7B3800FB91E0 /* Headers */ = {
			isa = PBXGroup;
			children = (
				9530757C277F8732008727E9 /* curl.h */,
				95307577277F8732008727E9 /* curlver.h */,
				9530757D277F8732008727E9 /* easy.h */,
				95307580277F8732008727E9 /* mprintf.h */,
				95307578277F8732008727E9 /* multi.h */,
				9530757B277F8732008727E9 /* options.h */,
				9530757F277F8732008727E9 /* stdcheaders.h */,
				95307579277F8732008727E9 /* system.h */,
				9530757A277F8732008727E9 /* typecheck-gcc.h */,
				9530757E277F8732008727E9 /* urlapi.h */,
			);
			name = Headers;
			sourceTree = "<group>";
		};
		75B059FE256E7B5F00FB91E0 /* iphoneos */ = {
			isa = PBXGroup;
			children = (
				75B059FF256E7B6900FB91E0 /* Headers */,
			);
			name = iphoneos;
			sourceTree = "<group>";
		};
		75B059FF256E7B6900FB91E0 /* Headers */ = {
			isa = PBXGroup;
			children = (
				95307566277F86F3008727E9 /* curl.h */,
				95307568277F86F3008727E9 /* curlver.h */,
				9530756C277F86F3008727E9 /* easy.h */,
				95307569277F86F3008727E9 /* mprintf.h */,
				95307564277F86F3008727E9 /* multi.h */,
				9530756B277F86F3008727E9 /* options.h */,
				95307567277F86F3008727E9 /* stdcheaders.h */,
				9530756A277F86F3008727E9 /* system.h */,
				95307563277F86F3008727E9 /* typecheck-gcc.h */,
				95307565277F86F3008727E9 /* urlapi.h */,
			);
			name = Headers;
			sourceTree = "<group>";
		};
		75B05BB8256E7C0000FB91E0 /* Frameworks */ = {
			isa = PBXGroup;
			children = (
				95CD5576277F8C6A00923694 /* libcurlsim.a */,
				95CD5573277F8BA500923694 /* libz.tbd */,
				95CD556F277F8B6600923694 /* Foundation.framework */,
				95CD556D277F8B6100923694 /* Security.framework */,
				95CD556A277F8B0400923694 /* libswiftDarwin.tbd */,
				95CD5567277F87E300923694 /* libcurl.a */,
			);
			name = Frameworks;
			sourceTree = "<group>";
		};
		9F4A2626223BCE31005CB63A = {
			isa = PBXGroup;
			children = (
				75B059FE256E7B5F00FB91E0 /* iphoneos */,
				75B059F5256E7AFD00FB91E0 /* iphonesimulator */,
				863B6DD424B83C2D002E03CC /* OpenSSL.xcconfig */,
				9F4A264F223BD6C6005CB63A /* Products */,
				75B05BB8256E7C0000FB91E0 /* Frameworks */,
			);
			sourceTree = "<group>";
		};
		9F4A264F223BD6C6005CB63A /* Products */ = {
			isa = PBXGroup;
			children = (
				9F4A265C223BD82B005CB63A /* OpenSSL.framework */,
				753EF2CB2567514F008FDE33 /* OpenSSL.framework */,
			);
			name = Products;
			sourceTree = "<group>";
		};
/* End PBXGroup section */

/* Begin PBXHeadersBuildPhase section */
		753EF2552567514F008FDE33 /* Headers */ = {
			isa = PBXHeadersBuildPhase;
			buildActionMask = 2147483647;
			files = (
				95307581277F8732008727E9 /* curlver.h in Headers */,
				95307582277F8732008727E9 /* multi.h in Headers */,
				95307583277F8732008727E9 /* system.h in Headers */,
				95307584277F8732008727E9 /* typecheck-gcc.h in Headers */,
				95307585277F8732008727E9 /* options.h in Headers */,
				95307586277F8732008727E9 /* curl.h in Headers */,
				95307587277F8732008727E9 /* easy.h in Headers */,
				95307588277F8732008727E9 /* urlapi.h in Headers */,
				95307589277F8732008727E9 /* stdcheaders.h in Headers */,
				9530758A277F8732008727E9 /* mprintf.h in Headers */,
			);
			runOnlyForDeploymentPostprocessing = 0;
		};
		9F4A2657223BD82B005CB63A /* Headers */ = {
			isa = PBXHeadersBuildPhase;
			buildActionMask = 2147483647;
			files = (
				9530756D277F86F3008727E9 /* typecheck-gcc.h in Headers */,
				9530756E277F86F3008727E9 /* multi.h in Headers */,
				9530756F277F86F3008727E9 /* urlapi.h in Headers */,
				95307570277F86F3008727E9 /* curl.h in Headers */,
				95307571277F86F3008727E9 /* stdcheaders.h in Headers */,
				95307572277F86F4008727E9 /* curlver.h in Headers */,
				95307573277F86F4008727E9 /* mprintf.h in Headers */,
				95307574277F86F4008727E9 /* system.h in Headers */,
				95307575277F86F4008727E9 /* options.h in Headers */,
				95307576277F86F4008727E9 /* easy.h in Headers */,
			);
			runOnlyForDeploymentPostprocessing = 0;
		};
/* End PBXHeadersBuildPhase section */

/* Begin PBXNativeTarget section */
		753EF2542567514F008FDE33 /* OpenSSL (iOS Simulator) */ = {
			isa = PBXNativeTarget;
			buildConfigurationList = 753EF2C82567514F008FDE33 /* Build configuration list for PBXNativeTarget "OpenSSL (iOS Simulator)" */;
			buildPhases = (
				753EF2552567514F008FDE33 /* Headers */,
				753EF2C32567514F008FDE33 /* Sources */,
				753EF2C42567514F008FDE33 /* Frameworks */,
				753EF2C72567514F008FDE33 /* Resources */,
			);
			buildRules = (
			);
			dependencies = (
			);
			name = "OpenSSL (iOS Simulator)";
			productName = OpenSSL;
			productReference = 753EF2CB2567514F008FDE33 /* OpenSSL.framework */;
			productType = "com.apple.product-type.framework";
		};
		9F4A265B223BD82B005CB63A /* OpenSSL (iOS) */ = {
			isa = PBXNativeTarget;
			buildConfigurationList = 9F4A2661223BD82B005CB63A /* Build configuration list for PBXNativeTarget "OpenSSL (iOS)" */;
			buildPhases = (
				9F4A2657223BD82B005CB63A /* Headers */,
				9F4A270F223BDA9B005CB63A /* Sources */,
				9F4A2659223BD82B005CB63A /* Frameworks */,
				9F4A265A223BD82B005CB63A /* Resources */,
			);
			buildRules = (
			);
			dependencies = (
			);
			name = "OpenSSL (iOS)";
			productName = OpenSSL;
			productReference = 9F4A265C223BD82B005CB63A /* OpenSSL.framework */;
			productType = "com.apple.product-type.framework";
		};
/* End PBXNativeTarget section */

/* Begin PBXProject section */
		9F4A2627223BCE31005CB63A /* Project object */ = {
			isa = PBXProject;
			attributes = {
				LastUpgradeCheck = 1160;
				TargetAttributes = {
					9F4A265B223BD82B005CB63A = {
						CreatedOnToolsVersion = 10.1;
					};
				};
			};
			buildConfigurationList = 9F4A262A223BCE31005CB63A /* Build configuration list for PBXProject "libcurl" */;
			compatibilityVersion = "Xcode 9.3";
			developmentRegion = en;
			hasScannedForEncodings = 0;
			knownRegions = (
				en,
			);
			mainGroup = 9F4A2626223BCE31005CB63A;
			productRefGroup = 9F4A264F223BD6C6005CB63A /* Products */;
			projectDirPath = "";
			projectRoot = "";
			targets = (
				9F4A265B223BD82B005CB63A /* OpenSSL (iOS) */,
				753EF2542567514F008FDE33 /* OpenSSL (iOS Simulator) */,
			);
		};
/* End PBXProject section */

/* Begin PBXResourcesBuildPhase section */
		753EF2C72567514F008FDE33 /* Resources */ = {
			isa = PBXResourcesBuildPhase;
			buildActionMask = 2147483647;
			files = (
			);
			runOnlyForDeploymentPostprocessing = 0;
		};
		9F4A265A223BD82B005CB63A /* Resources */ = {
			isa = PBXResourcesBuildPhase;
			buildActionMask = 2147483647;
			files = (
			);
			runOnlyForDeploymentPostprocessing = 0;
		};
/* End PBXResourcesBuildPhase section */

/* Begin PBXSourcesBuildPhase section */
		753EF2C32567514F008FDE33 /* Sources */ = {
			isa = PBXSourcesBuildPhase;
			buildActionMask = 2147483647;
			files = (
			);
			runOnlyForDeploymentPostprocessing = 0;
		};
		9F4A270F223BDA9B005CB63A /* Sources */ = {
			isa = PBXSourcesBuildPhase;
			buildActionMask = 2147483647;
			files = (
			);
			runOnlyForDeploymentPostprocessing = 0;
		};
/* End PBXSourcesBuildPhase section */

/* Begin XCBuildConfiguration section */
		753EF2C92567514F008FDE33 /* Debug */ = {
			isa = XCBuildConfiguration;
			buildSettings = {
				ALWAYS_SEARCH_USER_PATHS = NO;
				ARCHS = arm64;
				CLANG_ANALYZER_NONNULL = YES;
				CLANG_ANALYZER_NUMBER_OBJECT_CONVERSION = YES_AGGRESSIVE;
				CLANG_CXX_LANGUAGE_STANDARD = "gnu++14";
				CLANG_CXX_LIBRARY = "libc++";
				CLANG_ENABLE_MODULES = YES;
				CLANG_ENABLE_OBJC_ARC = YES;
				CLANG_ENABLE_OBJC_WEAK = YES;
				CLANG_WARN_BLOCK_CAPTURE_AUTORELEASING = YES;
				CLANG_WARN_BOOL_CONVERSION = YES;
				CLANG_WARN_COMMA = YES;
				CLANG_WARN_CONSTANT_CONVERSION = YES;
				CLANG_WARN_DEPRECATED_OBJC_IMPLEMENTATIONS = YES;
				CLANG_WARN_DIRECT_OBJC_ISA_USAGE = YES_ERROR;
				CLANG_WARN_DOCUMENTATION_COMMENTS = YES;
				CLANG_WARN_EMPTY_BODY = YES;
				CLANG_WARN_ENUM_CONVERSION = YES;
				CLANG_WARN_INFINITE_RECURSION = YES;
				CLANG_WARN_INT_CONVERSION = YES;
				CLANG_WARN_NON_LITERAL_NULL_CONVERSION = YES;
				CLANG_WARN_OBJC_IMPLICIT_RETAIN_SELF = YES;
				CLANG_WARN_OBJC_LITERAL_CONVERSION = YES;
				CLANG_WARN_OBJC_ROOT_CLASS = YES_ERROR;
				CLANG_WARN_RANGE_LOOP_ANALYSIS = YES;
				CLANG_WARN_STRICT_PROTOTYPES = YES;
				CLANG_WARN_SUSPICIOUS_MOVE = YES;
				CLANG_WARN_UNGUARDED_AVAILABILITY = YES_AGGRESSIVE;
				CLANG_WARN_UNREACHABLE_CODE = YES;
				CLANG_WARN__DUPLICATE_METHOD_MATCH = YES;
				COPY_PHASE_STRIP = NO;
				CURRENT_PROJECT_VERSION = 1;
				DEAD_CODE_STRIPPING = NO;
				DEBUG_INFORMATION_FORMAT = dwarf;
				DEFINES_MODULE = YES;
				DEVELOPMENT_TEAM = "";
				DYLIB_COMPATIBILITY_VERSION = 1;
				DYLIB_CURRENT_VERSION = 1;
				DYLIB_INSTALL_NAME_BASE = "@rpath";
				ENABLE_BITCODE = YES;
				ENABLE_STRICT_OBJC_MSGSEND = YES;
				ENABLE_TESTABILITY = YES;
				GCC_C_LANGUAGE_STANDARD = gnu11;
				GCC_DYNAMIC_NO_PIC = NO;
				GCC_NO_COMMON_BLOCKS = YES;
				GCC_OPTIMIZATION_LEVEL = 0;
				GCC_PREPROCESSOR_DEFINITIONS = (
					"DEBUG=1",
					"$(inherited)",
				);
				GCC_WARN_64_TO_32_BIT_CONVERSION = YES;
				GCC_WARN_ABOUT_RETURN_TYPE = YES_ERROR;
				GCC_WARN_UNDECLARED_SELECTOR = YES;
				GCC_WARN_UNINITIALIZED_AUTOS = YES_AGGRESSIVE;
				GCC_WARN_UNUSED_FUNCTION = YES;
				GCC_WARN_UNUSED_VARIABLE = YES;
				INFOPLIST_FILE = "$(SRCROOT)/support/iphonesimulator/Info.plist";
				INSTALL_PATH = "$(LOCAL_LIBRARY_DIR)/Frameworks";
				IPHONEOS_DEPLOYMENT_TARGET = 9.0;
				LD_RUNPATH_SEARCH_PATHS = (
					"$(inherited)",
					"@executable_path/Frameworks",
					"@loader_path/Frameworks",
				);
				LIBRARY_SEARCH_PATHS = (
					"$(inherited)",
					"$(PROJECT_DIR)/iphonesimulator/lib",
					"$(SDKROOT)/usr/lib/swift",
				);
				OTHER_LDFLAGS = (
					"-Xlinker",
					"-all_load",
				);
				PRODUCT_BUNDLE_IDENTIFIER = com.github.krzyzanowskim.OpenSSL;
				SDKROOT = iphoneos;
				SUPPORTED_PLATFORMS = iphonesimulator;
				SUPPORTS_MACCATALYST = NO;
				SUPPORTS_MAC_DESIGNED_FOR_IPHONE_IPAD = NO;
				TARGETED_DEVICE_FAMILY = "1,2";
				VERSIONING_SYSTEM = "apple-generic";
				VERSION_INFO_PREFIX = "";
			};
			name = Debug;
		};
		753EF2CA2567514F008FDE33 /* Release */ = {
			isa = XCBuildConfiguration;
			buildSettings = {
				ALWAYS_SEARCH_USER_PATHS = NO;
				ARCHS = arm64;
				CLANG_ANALYZER_NONNULL = YES;
				CLANG_ANALYZER_NUMBER_OBJECT_CONVERSION = YES_AGGRESSIVE;
				CLANG_CXX_LANGUAGE_STANDARD = "gnu++14";
				CLANG_CXX_LIBRARY = "libc++";
				CLANG_ENABLE_MODULES = YES;
				CLANG_ENABLE_OBJC_ARC = YES;
				CLANG_ENABLE_OBJC_WEAK = YES;
				CLANG_WARN_BLOCK_CAPTURE_AUTORELEASING = YES;
				CLANG_WARN_BOOL_CONVERSION = YES;
				CLANG_WARN_COMMA = YES;
				CLANG_WARN_CONSTANT_CONVERSION = YES;
				CLANG_WARN_DEPRECATED_OBJC_IMPLEMENTATIONS = YES;
				CLANG_WARN_DIRECT_OBJC_ISA_USAGE = YES_ERROR;
				CLANG_WARN_DOCUMENTATION_COMMENTS = YES;
				CLANG_WARN_EMPTY_BODY = YES;
				CLANG_WARN_ENUM_CONVERSION = YES;
				CLANG_WARN_INFINITE_RECURSION = YES;
				CLANG_WARN_INT_CONVERSION = YES;
				CLANG_WARN_NON_LITERAL_NULL_CONVERSION = YES;
				CLANG_WARN_OBJC_IMPLICIT_RETAIN_SELF = YES;
				CLANG_WARN_OBJC_LITERAL_CONVERSION = YES;
				CLANG_WARN_OBJC_ROOT_CLASS = YES_ERROR;
				CLANG_WARN_RANGE_LOOP_ANALYSIS = YES;
				CLANG_WARN_STRICT_PROTOTYPES = YES;
				CLANG_WARN_SUSPICIOUS_MOVE = YES;
				CLANG_WARN_UNGUARDED_AVAILABILITY = YES_AGGRESSIVE;
				CLANG_WARN_UNREACHABLE_CODE = YES;
				CLANG_WARN__DUPLICATE_METHOD_MATCH = YES;
				COPY_PHASE_STRIP = NO;
				CURRENT_PROJECT_VERSION = 1;
				DEAD_CODE_STRIPPING = NO;
				DEBUG_INFORMATION_FORMAT = "dwarf-with-dsym";
				DEFINES_MODULE = YES;
				DEVELOPMENT_TEAM = "";
				DYLIB_COMPATIBILITY_VERSION = 1;
				DYLIB_CURRENT_VERSION = 1;
				DYLIB_INSTALL_NAME_BASE = "@rpath";
				ENABLE_BITCODE = YES;
				ENABLE_NS_ASSERTIONS = NO;
				ENABLE_STRICT_OBJC_MSGSEND = YES;
				GCC_C_LANGUAGE_STANDARD = gnu11;
				GCC_NO_COMMON_BLOCKS = YES;
				GCC_WARN_64_TO_32_BIT_CONVERSION = YES;
				GCC_WARN_ABOUT_RETURN_TYPE = YES_ERROR;
				GCC_WARN_UNDECLARED_SELECTOR = YES;
				GCC_WARN_UNINITIALIZED_AUTOS = YES_AGGRESSIVE;
				GCC_WARN_UNUSED_FUNCTION = YES;
				GCC_WARN_UNUSED_VARIABLE = YES;
				INFOPLIST_FILE = "$(SRCROOT)/support/iphonesimulator/Info.plist";
				INSTALL_PATH = "$(LOCAL_LIBRARY_DIR)/Frameworks";
				IPHONEOS_DEPLOYMENT_TARGET = 9.0;
				LD_RUNPATH_SEARCH_PATHS = (
					"$(inherited)",
					"@executable_path/Frameworks",
					"@loader_path/Frameworks",
				);
				LIBRARY_SEARCH_PATHS = (
					"$(inherited)",
					"$(PROJECT_DIR)/iphonesimulator/lib",
					"$(SDKROOT)/usr/lib/swift",
				);
				OTHER_LDFLAGS = (
					"-Xlinker",
					"-all_load",
				);
				PRODUCT_BUNDLE_IDENTIFIER = com.github.krzyzanowskim.OpenSSL;
				SDKROOT = iphoneos;
				SUPPORTED_PLATFORMS = iphonesimulator;
				SUPPORTS_MACCATALYST = NO;
				SUPPORTS_MAC_DESIGNED_FOR_IPHONE_IPAD = NO;
				TARGETED_DEVICE_FAMILY = "1,2";
				VALIDATE_PRODUCT = YES;
				VERSIONING_SYSTEM = "apple-generic";
				VERSION_INFO_PREFIX = "";
			};
			name = Release;
		};
		9F4A262B223BCE31005CB63A /* Debug */ = {
			isa = XCBuildConfiguration;
			baseConfigurationReference = 863B6DD424B83C2D002E03CC /* OpenSSL.xcconfig */;
			buildSettings = {
				PRODUCT_NAME = OpenSSL;
			};
			name = Debug;
		};
		9F4A262C223BCE31005CB63A /* Release */ = {
			isa = XCBuildConfiguration;
			baseConfigurationReference = 863B6DD424B83C2D002E03CC /* OpenSSL.xcconfig */;
			buildSettings = {
				PRODUCT_NAME = OpenSSL;
			};
			name = Release;
		};
		9F4A2662223BD82B005CB63A /* Debug */ = {
			isa = XCBuildConfiguration;
			buildSettings = {
				ALWAYS_SEARCH_USER_PATHS = NO;
				CLANG_ANALYZER_NONNULL = YES;
				CLANG_ANALYZER_NUMBER_OBJECT_CONVERSION = YES_AGGRESSIVE;
				CLANG_CXX_LANGUAGE_STANDARD = "gnu++14";
				CLANG_CXX_LIBRARY = "libc++";
				CLANG_ENABLE_MODULES = YES;
				CLANG_ENABLE_OBJC_ARC = YES;
				CLANG_ENABLE_OBJC_WEAK = YES;
				CLANG_WARN_BLOCK_CAPTURE_AUTORELEASING = YES;
				CLANG_WARN_BOOL_CONVERSION = YES;
				CLANG_WARN_COMMA = YES;
				CLANG_WARN_CONSTANT_CONVERSION = YES;
				CLANG_WARN_DEPRECATED_OBJC_IMPLEMENTATIONS = YES;
				CLANG_WARN_DIRECT_OBJC_ISA_USAGE = YES_ERROR;
				CLANG_WARN_DOCUMENTATION_COMMENTS = YES;
				CLANG_WARN_EMPTY_BODY = YES;
				CLANG_WARN_ENUM_CONVERSION = YES;
				CLANG_WARN_INFINITE_RECURSION = YES;
				CLANG_WARN_INT_CONVERSION = YES;
				CLANG_WARN_NON_LITERAL_NULL_CONVERSION = YES;
				CLANG_WARN_OBJC_IMPLICIT_RETAIN_SELF = YES;
				CLANG_WARN_OBJC_LITERAL_CONVERSION = YES;
				CLANG_WARN_OBJC_ROOT_CLASS = YES_ERROR;
				CLANG_WARN_RANGE_LOOP_ANALYSIS = YES;
				CLANG_WARN_STRICT_PROTOTYPES = YES;
				CLANG_WARN_SUSPICIOUS_MOVE = YES;
				CLANG_WARN_UNGUARDED_AVAILABILITY = YES_AGGRESSIVE;
				CLANG_WARN_UNREACHABLE_CODE = YES;
				CLANG_WARN__DUPLICATE_METHOD_MATCH = YES;
				COPY_PHASE_STRIP = NO;
				CURRENT_PROJECT_VERSION = 1;
				DEAD_CODE_STRIPPING = NO;
				DEBUG_INFORMATION_FORMAT = dwarf;
				DEFINES_MODULE = YES;
				DEVELOPMENT_TEAM = "";
				DYLIB_COMPATIBILITY_VERSION = 1;
				DYLIB_CURRENT_VERSION = 1;
				DYLIB_INSTALL_NAME_BASE = "@rpath";
				ENABLE_BITCODE = YES;
				ENABLE_STRICT_OBJC_MSGSEND = YES;
				ENABLE_TESTABILITY = YES;
				GCC_C_LANGUAGE_STANDARD = gnu11;
				GCC_DYNAMIC_NO_PIC = NO;
				GCC_NO_COMMON_BLOCKS = YES;
				GCC_OPTIMIZATION_LEVEL = 0;
				GCC_PREPROCESSOR_DEFINITIONS = (
					"DEBUG=1",
					"$(inherited)",
				);
				GCC_WARN_64_TO_32_BIT_CONVERSION = YES;
				GCC_WARN_ABOUT_RETURN_TYPE = YES_ERROR;
				GCC_WARN_UNDECLARED_SELECTOR = YES;
				GCC_WARN_UNINITIALIZED_AUTOS = YES_AGGRESSIVE;
				GCC_WARN_UNUSED_FUNCTION = YES;
				GCC_WARN_UNUSED_VARIABLE = YES;
				INFOPLIST_FILE = "$(SRCROOT)/support/ios/Info.plist";
				INSTALL_PATH = "$(LOCAL_LIBRARY_DIR)/Frameworks";
				IPHONEOS_DEPLOYMENT_TARGET = 9.0;
				LD_RUNPATH_SEARCH_PATHS = (
					"$(inherited)",
					"@executable_path/Frameworks",
					"@loader_path/Frameworks",
				);
				LIBRARY_SEARCH_PATHS = (
					"$(inherited)",
					"$(PROJECT_DIR)/iphoneos/lib",
					"$(SDKROOT)/usr/lib/swift",
				);
				OTHER_LDFLAGS = (
					"-Xlinker",
					"-all_load",
				);
				PRODUCT_BUNDLE_IDENTIFIER = com.github.krzyzanowskim.OpenSSL;
				SDKROOT = iphoneos;
				SUPPORTED_PLATFORMS = iphoneos;
				SUPPORTS_MACCATALYST = NO;
				SUPPORTS_MAC_DESIGNED_FOR_IPHONE_IPAD = NO;
				TARGETED_DEVICE_FAMILY = "1,2";
				VERSIONING_SYSTEM = "apple-generic";
				VERSION_INFO_PREFIX = "";
			};
			name = Debug;
		};
		9F4A2663223BD82B005CB63A /* Release */ = {
			isa = XCBuildConfiguration;
			buildSettings = {
				ALWAYS_SEARCH_USER_PATHS = NO;
				CLANG_ANALYZER_NONNULL = YES;
				CLANG_ANALYZER_NUMBER_OBJECT_CONVERSION = YES_AGGRESSIVE;
				CLANG_CXX_LANGUAGE_STANDARD = "gnu++14";
				CLANG_CXX_LIBRARY = "libc++";
				CLANG_ENABLE_MODULES = YES;
				CLANG_ENABLE_OBJC_ARC = YES;
				CLANG_ENABLE_OBJC_WEAK = YES;
				CLANG_WARN_BLOCK_CAPTURE_AUTORELEASING = YES;
				CLANG_WARN_BOOL_CONVERSION = YES;
				CLANG_WARN_COMMA = YES;
				CLANG_WARN_CONSTANT_CONVERSION = YES;
				CLANG_WARN_DEPRECATED_OBJC_IMPLEMENTATIONS = YES;
				CLANG_WARN_DIRECT_OBJC_ISA_USAGE = YES_ERROR;
				CLANG_WARN_DOCUMENTATION_COMMENTS = YES;
				CLANG_WARN_EMPTY_BODY = YES;
				CLANG_WARN_ENUM_CONVERSION = YES;
				CLANG_WARN_INFINITE_RECURSION = YES;
				CLANG_WARN_INT_CONVERSION = YES;
				CLANG_WARN_NON_LITERAL_NULL_CONVERSION = YES;
				CLANG_WARN_OBJC_IMPLICIT_RETAIN_SELF = YES;
				CLANG_WARN_OBJC_LITERAL_CONVERSION = YES;
				CLANG_WARN_OBJC_ROOT_CLASS = YES_ERROR;
				CLANG_WARN_RANGE_LOOP_ANALYSIS = YES;
				CLANG_WARN_STRICT_PROTOTYPES = YES;
				CLANG_WARN_SUSPICIOUS_MOVE = YES;
				CLANG_WARN_UNGUARDED_AVAILABILITY = YES_AGGRESSIVE;
				CLANG_WARN_UNREACHABLE_CODE = YES;
				CLANG_WARN__DUPLICATE_METHOD_MATCH = YES;
				COPY_PHASE_STRIP = NO;
				CURRENT_PROJECT_VERSION = 1;
				DEAD_CODE_STRIPPING = NO;
				DEBUG_INFORMATION_FORMAT = "dwarf-with-dsym";
				DEFINES_MODULE = YES;
				DEVELOPMENT_TEAM = "";
				DYLIB_COMPATIBILITY_VERSION = 1;
				DYLIB_CURRENT_VERSION = 1;
				DYLIB_INSTALL_NAME_BASE = "@rpath";
				ENABLE_BITCODE = YES;
				ENABLE_NS_ASSERTIONS = NO;
				ENABLE_STRICT_OBJC_MSGSEND = YES;
				GCC_C_LANGUAGE_STANDARD = gnu11;
				GCC_NO_COMMON_BLOCKS = YES;
				GCC_WARN_64_TO_32_BIT_CONVERSION = YES;
				GCC_WARN_ABOUT_RETURN_TYPE = YES_ERROR;
				GCC_WARN_UNDECLARED_SELECTOR = YES;
				GCC_WARN_UNINITIALIZED_AUTOS = YES_AGGRESSIVE;
				GCC_WARN_UNUSED_FUNCTION = YES;
				GCC_WARN_UNUSED_VARIABLE = YES;
				INFOPLIST_FILE = "$(SRCROOT)/support/ios/Info.plist";
				INSTALL_PATH = "$(LOCAL_LIBRARY_DIR)/Frameworks";
				IPHONEOS_DEPLOYMENT_TARGET = 9.0;
				LD_RUNPATH_SEARCH_PATHS = (
					"$(inherited)",
					"@executable_path/Frameworks",
					"@loader_path/Frameworks",
				);
				LIBRARY_SEARCH_PATHS = (
					"$(inherited)",
					"$(PROJECT_DIR)/iphoneos/lib",
					"$(SDKROOT)/usr/lib/swift",
				);
				OTHER_LDFLAGS = (
					"-Xlinker",
					"-all_load",
				);
				PRODUCT_BUNDLE_IDENTIFIER = com.github.krzyzanowskim.OpenSSL;
				SDKROOT = iphoneos;
				SUPPORTED_PLATFORMS = iphoneos;
				SUPPORTS_MACCATALYST = NO;
				SUPPORTS_MAC_DESIGNED_FOR_IPHONE_IPAD = NO;
				TARGETED_DEVICE_FAMILY = "1,2";
				VALIDATE_PRODUCT = YES;
				VERSIONING_SYSTEM = "apple-generic";
				VERSION_INFO_PREFIX = "";
			};
			name = Release;
		};
/* End XCBuildConfiguration section */

/* Begin XCConfigurationList section */
		753EF2C82567514F008FDE33 /* Build configuration list for PBXNativeTarget "OpenSSL (iOS Simulator)" */ = {
			isa = XCConfigurationList;
			buildConfigurations = (
				753EF2C92567514F008FDE33 /* Debug */,
				753EF2CA2567514F008FDE33 /* Release */,
			);
			defaultConfigurationIsVisible = 0;
			defaultConfigurationName = Release;
		};
		9F4A262A223BCE31005CB63A /* Build configuration list for PBXProject "libcurl" */ = {
			isa = XCConfigurationList;
			buildConfigurations = (
				9F4A262B223BCE31005CB63A /* Debug */,
				9F4A262C223BCE31005CB63A /* Release */,
			);
			defaultConfigurationIsVisible = 0;
			defaultConfigurationName = Release;
		};
		9F4A2661223BD82B005CB63A /* Build configuration list for PBXNativeTarget "OpenSSL (iOS)" */ = {
			isa = XCConfigurationList;
			buildConfigurations = (
				9F4A2662223BD82B005CB63A /* Debug */,
				9F4A2663223BD82B005CB63A /* Release */,
			);
			defaultConfigurationIsVisible = 0;
			defaultConfigurationName = Release;
		};
/* End XCConfigurationList section */
	};
	rootObject = 9F4A2627223BCE31005CB63A /* Project object */;
}
